
Microsoft Visual Studio Solution File, Format Version 12.00
# Visual Studio Version 17
VisualStudioVersion = 17.4.33122.133
MinimumVisualStudioVersion = 10.0.40219.1
Project("{FAE04EC0-301F-11D3-BF4B-00C04F79EFBC}") = "MCQExamPortal", "MCQExamPortal.csproj", "{A28F8DF1-8143-45DF-B308-79EEA3BEC280}"
EndProject
Global
	GlobalSection(SolutionConfigurationPlatforms) = preSolution
		Debug|Any CPU = Debug|Any CPU
		Release|Any CPU = Release|Any CPU
	EndGlobalSection
	GlobalSection(ProjectConfigurationPlatforms) = postSolution
		{A28F8DF1-8143-45DF-B308-79EEA3BEC280}.Debug|Any CPU.ActiveCfg = Debug|Any CPU
		{A28F8DF1-8143-45DF-B308-79EEA3BEC280}.Debug|Any CPU.Build.0 = Debug|Any CPU
		{A28F8DF1-8143-45DF-B308-79EEA3BEC280}.Release|Any CPU.ActiveCfg = Release|Any CPU
		{A28F8DF1-8143-45DF-B308-79EEA3BEC280}.Release|Any CPU.Build.0 = Release|Any CPU
	EndGlobalSection
	GlobalSection(SolutionProperties) = preSolution
		HideSolutionNode = FALSE
	EndGlobalSection
	GlobalSection(ExtensibilityGlobals) = postSolution
		SolutionGuid = {AEFDD296-F331-4149-AE7F-53E11B02894D}
	EndGlobalSection
EndGlobal
